
Microsoft Visual Studio Solution File, Format Version 12.00
# Visual Studio Version 16
VisualStudioVersion = 16.0.30002.166
MinimumVisualStudioVersion = 10.0.40219.1
Project("{FAE04EC0-301F-11D3-BF4B-00C04F79EFBC}") = "WindowsFormsApp5", "WindowsFormsApp5\WindowsFormsApp5.csproj", "{89485C5D-407F-42B5-AEC9-6B0B55E8B740}"
EndProject
Global
	GlobalSection(SolutionConfigurationPlatforms) = preSolution
		Debug|Any CPU = Debug|Any CPU
		Release|Any CPU = Release|Any CPU
	EndGlobalSection
	GlobalSection(ProjectConfigurationPlatforms) = postSolution
		{89485C5D-407F-42B5-AEC9-6B0B55E8B740}.Debug|Any CPU.ActiveCfg = Debug|Any CPU
		{89485C5D-407F-42B5-AEC9-6B0B55E8B740}.Debug|Any CPU.Build.0 = Debug|Any CPU
		{89485C5D-407F-42B5-AEC9-6B0B55E8B740}.Release|Any CPU.ActiveCfg = Release|Any CPU
		{89485C5D-407F-42B5-AEC9-6B0B55E8B740}.Release|Any CPU.Build.0 = Release|Any CPU
	EndGlobalSection
	GlobalSection(SolutionProperties) = preSolution
		HideSolutionNode = FALSE
	EndGlobalSection
	GlobalSection(ExtensibilityGlobals) = postSolution
		SolutionGuid = {2638995B-8700-4755-806D-919D2E154EC1}
	EndGlobalSection
EndGlobal
